
Microsoft Visual Studio Solution File, Format Version 12.00
# Visual Studio Version 17
VisualStudioVersion = 17.13.35818.85 d17.13
MinimumVisualStudioVersion = 10.0.40219.1
Project("{FAE04EC0-301F-11D3-BF4B-00C04F79EFBC}") = "Task1", "Task1\Task1.csproj", "{59A51713-43F2-43C3-8CFC-7772299DC223}"
EndProject
Project("{FAE04EC0-301F-11D3-BF4B-00C04F79EFBC}") = "Task1.Domain", "Task1.Domain\Task1.Domain.csproj", "{BE839358-DF67-49EC-84A1-CD37A656D322}"
EndProject
Global
	GlobalSection(SolutionConfigurationPlatforms) = preSolution
		Debug|Any CPU = Debug|Any CPU
		Release|Any CPU = Release|Any CPU
	EndGlobalSection
	GlobalSection(ProjectConfigurationPlatforms) = postSolution
		{59A51713-43F2-43C3-8CFC-7772299DC223}.Debug|Any CPU.ActiveCfg = Debug|Any CPU
		{59A51713-43F2-43C3-8CFC-7772299DC223}.Debug|Any CPU.Build.0 = Debug|Any CPU
		{59A51713-43F2-43C3-8CFC-7772299DC223}.Release|Any CPU.ActiveCfg = Release|Any CPU
		{59A51713-43F2-43C3-8CFC-7772299DC223}.Release|Any CPU.Build.0 = Release|Any CPU
		{BE839358-DF67-49EC-84A1-CD37A656D322}.Debug|Any CPU.ActiveCfg = Debug|Any CPU
		{BE839358-DF67-49EC-84A1-CD37A656D322}.Debug|Any CPU.Build.0 = Debug|Any CPU
		{BE839358-DF67-49EC-84A1-CD37A656D322}.Release|Any CPU.ActiveCfg = Release|Any CPU
		{BE839358-DF67-49EC-84A1-CD37A656D322}.Release|Any CPU.Build.0 = Release|Any CPU
	EndGlobalSection
	GlobalSection(SolutionProperties) = preSolution
		HideSolutionNode = FALSE
	EndGlobalSection
	GlobalSection(ExtensibilityGlobals) = postSolution
		SolutionGuid = {B794E91A-2D68-4665-8372-05320F7F4D88}
	EndGlobalSection
EndGlobal
