
Microsoft Visual Studio Solution File, Format Version 12.00
# Visual Studio Version 17
VisualStudioVersion = 17.13.35818.85 d17.13
MinimumVisualStudioVersion = 10.0.40219.1
Project("{FAE04EC0-301F-11D3-BF4B-00C04F79EFBC}") = "Task2", "Task2\Task2.csproj", "{ECCA83B7-A19E-41A4-85A0-5B3157D33B6A}"
EndProject
Project("{FAE04EC0-301F-11D3-BF4B-00C04F79EFBC}") = "Task2.Domain", "Task2.Domain\Task2.Domain.csproj", "{30B73562-D79B-4295-B2F9-038B0DA7E912}"
EndProject
Global
	GlobalSection(SolutionConfigurationPlatforms) = preSolution
		Debug|Any CPU = Debug|Any CPU
		Release|Any CPU = Release|Any CPU
	EndGlobalSection
	GlobalSection(ProjectConfigurationPlatforms) = postSolution
		{ECCA83B7-A19E-41A4-85A0-5B3157D33B6A}.Debug|Any CPU.ActiveCfg = Debug|Any CPU
		{ECCA83B7-A19E-41A4-85A0-5B3157D33B6A}.Debug|Any CPU.Build.0 = Debug|Any CPU
		{ECCA83B7-A19E-41A4-85A0-5B3157D33B6A}.Release|Any CPU.ActiveCfg = Release|Any CPU
		{ECCA83B7-A19E-41A4-85A0-5B3157D33B6A}.Release|Any CPU.Build.0 = Release|Any CPU
		{30B73562-D79B-4295-B2F9-038B0DA7E912}.Debug|Any CPU.ActiveCfg = Debug|Any CPU
		{30B73562-D79B-4295-B2F9-038B0DA7E912}.Debug|Any CPU.Build.0 = Debug|Any CPU
		{30B73562-D79B-4295-B2F9-038B0DA7E912}.Release|Any CPU.ActiveCfg = Release|Any CPU
		{30B73562-D79B-4295-B2F9-038B0DA7E912}.Release|Any CPU.Build.0 = Release|Any CPU
	EndGlobalSection
	GlobalSection(SolutionProperties) = preSolution
		HideSolutionNode = FALSE
	EndGlobalSection
	GlobalSection(ExtensibilityGlobals) = postSolution
		SolutionGuid = {A94BF76D-5E1C-4DCD-9E81-A463E455B9BE}
	EndGlobalSection
EndGlobal
