
Microsoft Visual Studio Solution File, Format Version 12.00
# Visual Studio Version 17
VisualStudioVersion = 17.13.35818.85 d17.13
MinimumVisualStudioVersion = 10.0.40219.1
Project("{FAE04EC0-301F-11D3-BF4B-00C04F79EFBC}") = "Task2", "Task2\Task2.csproj", "{4909E6ED-91E2-42DD-8823-F19177F34038}"
EndProject
Project("{FAE04EC0-301F-11D3-BF4B-00C04F79EFBC}") = "Task2.Domain", "Task2.Domain\Task2.Domain.csproj", "{74879F0B-CB28-4846-9E8C-75FF29D80EED}"
EndProject
Global
	GlobalSection(SolutionConfigurationPlatforms) = preSolution
		Debug|Any CPU = Debug|Any CPU
		Release|Any CPU = Release|Any CPU
	EndGlobalSection
	GlobalSection(ProjectConfigurationPlatforms) = postSolution
		{4909E6ED-91E2-42DD-8823-F19177F34038}.Debug|Any CPU.ActiveCfg = Debug|Any CPU
		{4909E6ED-91E2-42DD-8823-F19177F34038}.Debug|Any CPU.Build.0 = Debug|Any CPU
		{4909E6ED-91E2-42DD-8823-F19177F34038}.Release|Any CPU.ActiveCfg = Release|Any CPU
		{4909E6ED-91E2-42DD-8823-F19177F34038}.Release|Any CPU.Build.0 = Release|Any CPU
		{74879F0B-CB28-4846-9E8C-75FF29D80EED}.Debug|Any CPU.ActiveCfg = Debug|Any CPU
		{74879F0B-CB28-4846-9E8C-75FF29D80EED}.Debug|Any CPU.Build.0 = Debug|Any CPU
		{74879F0B-CB28-4846-9E8C-75FF29D80EED}.Release|Any CPU.ActiveCfg = Release|Any CPU
		{74879F0B-CB28-4846-9E8C-75FF29D80EED}.Release|Any CPU.Build.0 = Release|Any CPU
	EndGlobalSection
	GlobalSection(SolutionProperties) = preSolution
		HideSolutionNode = FALSE
	EndGlobalSection
	GlobalSection(ExtensibilityGlobals) = postSolution
		SolutionGuid = {AA7D6B90-739C-433A-96D4-E845704DB0E2}
	EndGlobalSection
EndGlobal
